// !$*UTF8*$!
{
	archiveVersion = 1;
	classes = {
	};
	objectVersion = 77;
	objects = {

/* Begin PBXBuildFile section */
		200E9A702E48280B00B91405 /* Config.xcconfig in Resources */ = {isa = PBXBuildFile; fileRef = 200E9A6F2E4827FB00B91405 /* Config.xcconfig */; };
		2010C8DA2E35F5E6008203C8 /* .swiftlint.yml in Sources */ = {isa = PBXBuildFile; fileRef = 2010C8D92E35F5D8008203C8 /* .swiftlint.yml */; };
		26BC8F16090AA9B29A077377 /* Pods_earthquake_map_earthquake_mapUITests.framework in Frameworks */ = {isa = PBXBuildFile; fileRef = 0CEED6AEEC5733493713F233 /* Pods_earthquake_map_earthquake_mapUITests.framework */; };
		C1093A3B7E9922482CBF40F9 /* Pods_earthquake_mapTests.framework in Frameworks */ = {isa = PBXBuildFile; fileRef = AE434E3E08410D7CD0B529B2 /* Pods_earthquake_mapTests.framework */; };
		F2D13F9C295F847B6CC94904 /* Pods_earthquake_map.framework in Frameworks */ = {isa = PBXBuildFile; fileRef = E98B8F408E25695D3EF2C3E0 /* Pods_earthquake_map.framework */; };
/* End PBXBuildFile section */

/* Begin PBXContainerItemProxy section */
		2015DC212E31234A00BE418C /* PBXContainerItemProxy */ = {
			isa = PBXContainerItemProxy;
			containerPortal = 2015DC0B2E31234700BE418C /* Project object */;
			proxyType = 1;
			remoteGlobalIDString = 2015DC122E31234700BE418C;
			remoteInfo = "earthquake-map";
		};
		2015DC2B2E31234A00BE418C /* PBXContainerItemProxy */ = {
			isa = PBXContainerItemProxy;
			containerPortal = 2015DC0B2E31234700BE418C /* Project object */;
			proxyType = 1;
			remoteGlobalIDString = 2015DC122E31234700BE418C;
			remoteInfo = "earthquake-map";
		};
/* End PBXContainerItemProxy section */

/* Begin PBXFileReference section */
		0CEED6AEEC5733493713F233 /* Pods_earthquake_map_earthquake_mapUITests.framework */ = {isa = PBXFileReference; explicitFileType = wrapper.framework; includeInIndex = 0; path = Pods_earthquake_map_earthquake_mapUITests.framework; sourceTree = BUILT_PRODUCTS_DIR; };
		200E9A6F2E4827FB00B91405 /* Config.xcconfig */ = {isa = PBXFileReference; lastKnownFileType = text.xcconfig; path = Config.xcconfig; sourceTree = "<group>"; };
		2010C8D92E35F5D8008203C8 /* .swiftlint.yml */ = {isa = PBXFileReference; lastKnownFileType = text.yaml; path = .swiftlint.yml; sourceTree = "<group>"; };
		2015DC132E31234700BE418C /* earthquake-map.app */ = {isa = PBXFileReference; explicitFileType = wrapper.application; includeInIndex = 0; path = "earthquake-map.app"; sourceTree = BUILT_PRODUCTS_DIR; };
		2015DC202E31234A00BE418C /* earthquake-mapTests.xctest */ = {isa = PBXFileReference; explicitFileType = wrapper.cfbundle; includeInIndex = 0; path = "earthquake-mapTests.xctest"; sourceTree = BUILT_PRODUCTS_DIR; };
		2015DC2A2E31234A00BE418C /* earthquake-mapUITests.xctest */ = {isa = PBXFileReference; explicitFileType = wrapper.cfbundle; includeInIndex = 0; path = "earthquake-mapUITests.xctest"; sourceTree = BUILT_PRODUCTS_DIR; };
		3C271377DE4ADF315393D547 /* Pods-earthquake-mapTests.debug.xcconfig */ = {isa = PBXFileReference; includeInIndex = 1; lastKnownFileType = text.xcconfig; name = "Pods-earthquake-mapTests.debug.xcconfig"; path = "Target Support Files/Pods-earthquake-mapTests/Pods-earthquake-mapTests.debug.xcconfig"; sourceTree = "<group>"; };
		4617919553D5ADCD953B4732 /* Pods-earthquake-map-earthquake-mapUITests.debug.xcconfig */ = {isa = PBXFileReference; includeInIndex = 1; lastKnownFileType = text.xcconfig; name = "Pods-earthquake-map-earthquake-mapUITests.debug.xcconfig"; path = "Target Support Files/Pods-earthquake-map-earthquake-mapUITests/Pods-earthquake-map-earthquake-mapUITests.debug.xcconfig"; sourceTree = "<group>"; };
		648F2EC3E70AD34B1F5DE72A /* Pods-earthquake-map.release.xcconfig */ = {isa = PBXFileReference; includeInIndex = 1; lastKnownFileType = text.xcconfig; name = "Pods-earthquake-map.release.xcconfig"; path = "Target Support Files/Pods-earthquake-map/Pods-earthquake-map.release.xcconfig"; sourceTree = "<group>"; };
		AE434E3E08410D7CD0B529B2 /* Pods_earthquake_mapTests.framework */ = {isa = PBXFileReference; explicitFileType = wrapper.framework; includeInIndex = 0; path = Pods_earthquake_mapTests.framework; sourceTree = BUILT_PRODUCTS_DIR; };
		B5D5361D1F08A7A24A871037 /* Pods-earthquake-map.debug.xcconfig */ = {isa = PBXFileReference; includeInIndex = 1; lastKnownFileType = text.xcconfig; name = "Pods-earthquake-map.debug.xcconfig"; path = "Target Support Files/Pods-earthquake-map/Pods-earthquake-map.debug.xcconfig"; sourceTree = "<group>"; };
		BB38DE487A9751E7883DAA3E /* Pods-earthquake-mapTests.release.xcconfig */ = {isa = PBXFileReference; includeInIndex = 1; lastKnownFileType = text.xcconfig; name = "Pods-earthquake-mapTests.release.xcconfig"; path = "Target Support Files/Pods-earthquake-mapTests/Pods-earthquake-mapTests.release.xcconfig"; sourceTree = "<group>"; };
		DF3145D81617216B7A37F7DD /* Pods-earthquake-map-earthquake-mapUITests.release.xcconfig */ = {isa = PBXFileReference; includeInIndex = 1; lastKnownFileType = text.xcconfig; name = "Pods-earthquake-map-earthquake-mapUITests.release.xcconfig"; path = "Target Support Files/Pods-earthquake-map-earthquake-mapUITests/Pods-earthquake-map-earthquake-mapUITests.release.xcconfig"; sourceTree = "<group>"; };
		E98B8F408E25695D3EF2C3E0 /* Pods_earthquake_map.framework */ = {isa = PBXFileReference; explicitFileType = wrapper.framework; includeInIndex = 0; path = Pods_earthquake_map.framework; sourceTree = BUILT_PRODUCTS_DIR; };
/* End PBXFileReference section */

/* Begin PBXFileSystemSynchronizedBuildFileExceptionSet section */
		2010C8E02E361B76008203C8 /* Exceptions for "earthquake-map" folder in "earthquake-map" target */ = {
			isa = PBXFileSystemSynchronizedBuildFileExceptionSet;
			membershipExceptions = (
				Info.plist,
			);
			target = 2015DC122E31234700BE418C /* earthquake-map */;
		};
/* End PBXFileSystemSynchronizedBuildFileExceptionSet section */

/* Begin PBXFileSystemSynchronizedRootGroup section */
		2015DC152E31234700BE418C /* earthquake-map */ = {
			isa = PBXFileSystemSynchronizedRootGroup;
			exceptions = (
				2010C8E02E361B76008203C8 /* Exceptions for "earthquake-map" folder in "earthquake-map" target */,
			);
			path = "earthquake-map";
			sourceTree = "<group>";
		};
		2015DC232E31234A00BE418C /* earthquake-mapTests */ = {
			isa = PBXFileSystemSynchronizedRootGroup;
			path = "earthquake-mapTests";
			sourceTree = "<group>";
		};
		2015DC2D2E31234A00BE418C /* earthquake-mapUITests */ = {
			isa = PBXFileSystemSynchronizedRootGroup;
			path = "earthquake-mapUITests";
			sourceTree = "<group>";
		};
/* End PBXFileSystemSynchronizedRootGroup section */

/* Begin PBXFrameworksBuildPhase section */
		2015DC102E31234700BE418C /* Frameworks */ = {
			isa = PBXFrameworksBuildPhase;
			buildActionMask = 2147483647;
			files = (
				F2D13F9C295F847B6CC94904 /* Pods_earthquake_map.framework in Frameworks */,
			);
			runOnlyForDeploymentPostprocessing = 0;
		};
		2015DC1D2E31234A00BE418C /* Frameworks */ = {
			isa = PBXFrameworksBuildPhase;
			buildActionMask = 2147483647;
			files = (
				C1093A3B7E9922482CBF40F9 /* Pods_earthquake_mapTests.framework in Frameworks */,
			);
			runOnlyForDeploymentPostprocessing = 0;
		};
		2015DC272E31234A00BE418C /* Frameworks */ = {
			isa = PBXFrameworksBuildPhase;
			buildActionMask = 2147483647;
			files = (
				26BC8F16090AA9B29A077377 /* Pods_earthquake_map_earthquake_mapUITests.framework in Frameworks */,
			);
			runOnlyForDeploymentPostprocessing = 0;
		};
/* End PBXFrameworksBuildPhase section */

/* Begin PBXGroup section */
		2015DC0A2E31234700BE418C = {
			isa = PBXGroup;
			children = (
				200E9A6F2E4827FB00B91405 /* Config.xcconfig */,
				2010C8D92E35F5D8008203C8 /* .swiftlint.yml */,
				2015DC152E31234700BE418C /* earthquake-map */,
				2015DC232E31234A00BE418C /* earthquake-mapTests */,
				2015DC2D2E31234A00BE418C /* earthquake-mapUITests */,
				2015DC142E31234700BE418C /* Products */,
				67DEDB7D2F5EE0828567822B /* Pods */,
				35368F573FCC5608DFE3CA35 /* Frameworks */,
			);
			sourceTree = "<group>";
		};
		2015DC142E31234700BE418C /* Products */ = {
			isa = PBXGroup;
			children = (
				2015DC132E31234700BE418C /* earthquake-map.app */,
				2015DC202E31234A00BE418C /* earthquake-mapTests.xctest */,
				2015DC2A2E31234A00BE418C /* earthquake-mapUITests.xctest */,
			);
			name = Products;
			sourceTree = "<group>";
		};
		35368F573FCC5608DFE3CA35 /* Frameworks */ = {
			isa = PBXGroup;
			children = (
				E98B8F408E25695D3EF2C3E0 /* Pods_earthquake_map.framework */,
				0CEED6AEEC5733493713F233 /* Pods_earthquake_map_earthquake_mapUITests.framework */,
				AE434E3E08410D7CD0B529B2 /* Pods_earthquake_mapTests.framework */,
			);
			name = Frameworks;
			sourceTree = "<group>";
		};
		67DEDB7D2F5EE0828567822B /* Pods */ = {
			isa = PBXGroup;
			children = (
				B5D5361D1F08A7A24A871037 /* Pods-earthquake-map.debug.xcconfig */,
				648F2EC3E70AD34B1F5DE72A /* Pods-earthquake-map.release.xcconfig */,
				4617919553D5ADCD953B4732 /* Pods-earthquake-map-earthquake-mapUITests.debug.xcconfig */,
				DF3145D81617216B7A37F7DD /* Pods-earthquake-map-earthquake-mapUITests.release.xcconfig */,
				3C271377DE4ADF315393D547 /* Pods-earthquake-mapTests.debug.xcconfig */,
				BB38DE487A9751E7883DAA3E /* Pods-earthquake-mapTests.release.xcconfig */,
			);
			path = Pods;
			sourceTree = "<group>";
		};
/* End PBXGroup section */

/* Begin PBXNativeTarget section */
		2015DC122E31234700BE418C /* earthquake-map */ = {
			isa = PBXNativeTarget;
			buildConfigurationList = 2015DC342E31234A00BE418C /* Build configuration list for PBXNativeTarget "earthquake-map" */;
			buildPhases = (
				6926D129296BB5DD8FAB93AF /* [CP] Check Pods Manifest.lock */,
				2015DC0F2E31234700BE418C /* Sources */,
				2015DC102E31234700BE418C /* Frameworks */,
				2015DC112E31234700BE418C /* Resources */,
				DC0C637AF14F2F36691D4BBB /* [CP] Copy Pods Resources */,
				2010C8D82E35F53E008203C8 /* Run SwiftLint */,
				AF47DCCA4D815B6FD9146658 /* [CP] Embed Pods Frameworks */,
			);
			buildRules = (
			);
			dependencies = (
			);
			fileSystemSynchronizedGroups = (
				2015DC152E31234700BE418C /* earthquake-map */,
			);
			name = "earthquake-map";
			productName = "earthquake-map";
			productReference = 2015DC132E31234700BE418C /* earthquake-map.app */;
			productType = "com.apple.product-type.application";
		};
		2015DC1F2E31234A00BE418C /* earthquake-mapTests */ = {
			isa = PBXNativeTarget;
			buildConfigurationList = 2015DC372E31234A00BE418C /* Build configuration list for PBXNativeTarget "earthquake-mapTests" */;
			buildPhases = (
				9B66C4A3B919C1F34E1895BD /* [CP] Check Pods Manifest.lock */,
				2015DC1C2E31234A00BE418C /* Sources */,
				2015DC1D2E31234A00BE418C /* Frameworks */,
				2015DC1E2E31234A00BE418C /* Resources */,
			);
			buildRules = (
			);
			dependencies = (
				2015DC222E31234A00BE418C /* PBXTargetDependency */,
			);
			fileSystemSynchronizedGroups = (
				2015DC232E31234A00BE418C /* earthquake-mapTests */,
			);
			name = "earthquake-mapTests";
			productName = "earthquake-mapTests";
			productReference = 2015DC202E31234A00BE418C /* earthquake-mapTests.xctest */;
			productType = "com.apple.product-type.bundle.unit-test";
		};
		2015DC292E31234A00BE418C /* earthquake-mapUITests */ = {
			isa = PBXNativeTarget;
			buildConfigurationList = 2015DC3A2E31234A00BE418C /* Build configuration list for PBXNativeTarget "earthquake-mapUITests" */;
			buildPhases = (
				B9DFB325A17212801B4EDF51 /* [CP] Check Pods Manifest.lock */,
				2015DC262E31234A00BE418C /* Sources */,
				2015DC272E31234A00BE418C /* Frameworks */,
				2015DC282E31234A00BE418C /* Resources */,
				38CD6E38D9E502F26FC4EA69 /* [CP] Copy Pods Resources */,
				E08EA98A39FCE6CB849D73E0 /* [CP] Embed Pods Frameworks */,
			);
			buildRules = (
			);
			dependencies = (
				2015DC2C2E31234A00BE418C /* PBXTargetDependency */,
			);
			fileSystemSynchronizedGroups = (
				2015DC2D2E31234A00BE418C /* earthquake-mapUITests */,
			);
			name = "earthquake-mapUITests";
			productName = "earthquake-mapUITests";
			productReference = 2015DC2A2E31234A00BE418C /* earthquake-mapUITests.xctest */;
			productType = "com.apple.product-type.bundle.ui-testing";
		};
/* End PBXNativeTarget section */

/* Begin PBXProject section */
		2015DC0B2E31234700BE418C /* Project object */ = {
			isa = PBXProject;
			attributes = {
				BuildIndependentTargetsInParallel = 1;
				LastSwiftUpdateCheck = 1640;
				LastUpgradeCheck = 1640;
				TargetAttributes = {
					2015DC122E31234700BE418C = {
						CreatedOnToolsVersion = 16.4;
					};
					2015DC1F2E31234A00BE418C = {
						CreatedOnToolsVersion = 16.4;
						TestTargetID = 2015DC122E31234700BE418C;
					};
					2015DC292E31234A00BE418C = {
						CreatedOnToolsVersion = 16.4;
						TestTargetID = 2015DC122E31234700BE418C;
					};
				};
			};
			buildConfigurationList = 2015DC0E2E31234700BE418C /* Build configuration list for PBXProject "earthquake-map" */;
			developmentRegion = en;
			hasScannedForEncodings = 0;
			knownRegions = (
				en,
				Base,
				ja,
			);
			mainGroup = 2015DC0A2E31234700BE418C;
			minimizedProjectReferenceProxies = 1;
			preferredProjectObjectVersion = 77;
			productRefGroup = 2015DC142E31234700BE418C /* Products */;
			projectDirPath = "";
			projectRoot = "";
			targets = (
				2015DC122E31234700BE418C /* earthquake-map */,
				2015DC1F2E31234A00BE418C /* earthquake-mapTests */,
				2015DC292E31234A00BE418C /* earthquake-mapUITests */,
			);
		};
/* End PBXProject section */

/* Begin PBXResourcesBuildPhase section */
		2015DC112E31234700BE418C /* Resources */ = {
			isa = PBXResourcesBuildPhase;
			buildActionMask = 2147483647;
			files = (
				200E9A702E48280B00B91405 /* Config.xcconfig in Resources */,
			);
			runOnlyForDeploymentPostprocessing = 0;
		};
		2015DC1E2E31234A00BE418C /* Resources */ = {
			isa = PBXResourcesBuildPhase;
			buildActionMask = 2147483647;
			files = (
			);
			runOnlyForDeploymentPostprocessing = 0;
		};
		2015DC282E31234A00BE418C /* Resources */ = {
			isa = PBXResourcesBuildPhase;
			buildActionMask = 2147483647;
			files = (
			);
			runOnlyForDeploymentPostprocessing = 0;
		};
/* End PBXResourcesBuildPhase section */

/* Begin PBXShellScriptBuildPhase section */
		2010C8D82E35F53E008203C8 /* Run SwiftLint */ = {
			isa = PBXShellScriptBuildPhase;
			buildActionMask = 2147483647;
			files = (
			);
			inputFileListPaths = (
			);
			inputPaths = (
			);
			name = "Run SwiftLint";
			outputFileListPaths = (
			);
			outputPaths = (
			);
			runOnlyForDeploymentPostprocessing = 0;
			shellPath = /bin/sh;
			shellScript = "# Type a script or drag a script file from your workspace to insert its path.\nif which swiftlint >/dev/null; then\n  swiftlint --fix\n  swiftlint\nelse\n  echo \"SwiftLint does not exist, download from https://github.com/realm/SwiftLint\"\nfi\n";
		};
		38CD6E38D9E502F26FC4EA69 /* [CP] Copy Pods Resources */ = {
			isa = PBXShellScriptBuildPhase;
			buildActionMask = 2147483647;
			files = (
			);
			inputFileListPaths = (
				"${PODS_ROOT}/Target Support Files/Pods-earthquake-map-earthquake-mapUITests/Pods-earthquake-map-earthquake-mapUITests-resources-${CONFIGURATION}-input-files.xcfilelist",
			);
			inputPaths = (
			);
			name = "[CP] Copy Pods Resources";
			outputFileListPaths = (
				"${PODS_ROOT}/Target Support Files/Pods-earthquake-map-earthquake-mapUITests/Pods-earthquake-map-earthquake-mapUITests-resources-${CONFIGURATION}-output-files.xcfilelist",
			);
			outputPaths = (
			);
			runOnlyForDeploymentPostprocessing = 0;
			shellPath = /bin/sh;
			shellScript = "\"${PODS_ROOT}/Target Support Files/Pods-earthquake-map-earthquake-mapUITests/Pods-earthquake-map-earthquake-mapUITests-resources.sh\"\n";
			showEnvVarsInLog = 0;
		};
		6926D129296BB5DD8FAB93AF /* [CP] Check Pods Manifest.lock */ = {
			isa = PBXShellScriptBuildPhase;
			buildActionMask = 2147483647;
			files = (
			);
			inputFileListPaths = (
			);
			inputPaths = (
				"${PODS_PODFILE_DIR_PATH}/Podfile.lock",
				"${PODS_ROOT}/Manifest.lock",
			);
			name = "[CP] Check Pods Manifest.lock";
			outputFileListPaths = (
			);
			outputPaths = (
				"$(DERIVED_FILE_DIR)/Pods-earthquake-map-checkManifestLockResult.txt",
			);
			runOnlyForDeploymentPostprocessing = 0;
			shellPath = /bin/sh;
			shellScript = "diff \"${PODS_PODFILE_DIR_PATH}/Podfile.lock\" \"${PODS_ROOT}/Manifest.lock\" > /dev/null\nif [ $? != 0 ] ; then\n    # print error to STDERR\n    echo \"error: The sandbox is not in sync with the Podfile.lock. Run 'pod install' or update your CocoaPods installation.\" >&2\n    exit 1\nfi\n# This output is used by Xcode 'outputs' to avoid re-running this script phase.\necho \"SUCCESS\" > \"${SCRIPT_OUTPUT_FILE_0}\"\n";
			showEnvVarsInLog = 0;
		};
		9B66C4A3B919C1F34E1895BD /* [CP] Check Pods Manifest.lock */ = {
			isa = PBXShellScriptBuildPhase;
			buildActionMask = 2147483647;
			files = (
			);
			inputFileListPaths = (
			);
			inputPaths = (
				"${PODS_PODFILE_DIR_PATH}/Podfile.lock",
				"${PODS_ROOT}/Manifest.lock",
			);
			name = "[CP] Check Pods Manifest.lock";
			outputFileListPaths = (
			);
			outputPaths = (
				"$(DERIVED_FILE_DIR)/Pods-earthquake-mapTests-checkManifestLockResult.txt",
			);
			runOnlyForDeploymentPostprocessing = 0;
			shellPath = /bin/sh;
			shellScript = "diff \"${PODS_PODFILE_DIR_PATH}/Podfile.lock\" \"${PODS_ROOT}/Manifest.lock\" > /dev/null\nif [ $? != 0 ] ; then\n    # print error to STDERR\n    echo \"error: The sandbox is not in sync with the Podfile.lock. Run 'pod install' or update your CocoaPods installation.\" >&2\n    exit 1\nfi\n# This output is used by Xcode 'outputs' to avoid re-running this script phase.\necho \"SUCCESS\" > \"${SCRIPT_OUTPUT_FILE_0}\"\n";
			showEnvVarsInLog = 0;
		};
		AF47DCCA4D815B6FD9146658 /* [CP] Embed Pods Frameworks */ = {
			isa = PBXShellScriptBuildPhase;
			buildActionMask = 2147483647;
			files = (
			);
			inputFileListPaths = (
				"${PODS_ROOT}/Target Support Files/Pods-earthquake-map/Pods-earthquake-map-frameworks-${CONFIGURATION}-input-files.xcfilelist",
			);
			inputPaths = (
			);
			name = "[CP] Embed Pods Frameworks";
			outputFileListPaths = (
				"${PODS_ROOT}/Target Support Files/Pods-earthquake-map/Pods-earthquake-map-frameworks-${CONFIGURATION}-output-files.xcfilelist",
			);
			outputPaths = (
			);
			runOnlyForDeploymentPostprocessing = 0;
			shellPath = /bin/sh;
			shellScript = "\"${PODS_ROOT}/Target Support Files/Pods-earthquake-map/Pods-earthquake-map-frameworks.sh\"\n";
			showEnvVarsInLog = 0;
		};
		B9DFB325A17212801B4EDF51 /* [CP] Check Pods Manifest.lock */ = {
			isa = PBXShellScriptBuildPhase;
			buildActionMask = 2147483647;
			files = (
			);
			inputFileListPaths = (
			);
			inputPaths = (
				"${PODS_PODFILE_DIR_PATH}/Podfile.lock",
				"${PODS_ROOT}/Manifest.lock",
			);
			name = "[CP] Check Pods Manifest.lock";
			outputFileListPaths = (
			);
			outputPaths = (
				"$(DERIVED_FILE_DIR)/Pods-earthquake-map-earthquake-mapUITests-checkManifestLockResult.txt",
			);
			runOnlyForDeploymentPostprocessing = 0;
			shellPath = /bin/sh;
			shellScript = "diff \"${PODS_PODFILE_DIR_PATH}/Podfile.lock\" \"${PODS_ROOT}/Manifest.lock\" > /dev/null\nif [ $? != 0 ] ; then\n    # print error to STDERR\n    echo \"error: The sandbox is not in sync with the Podfile.lock. Run 'pod install' or update your CocoaPods installation.\" >&2\n    exit 1\nfi\n# This output is used by Xcode 'outputs' to avoid re-running this script phase.\necho \"SUCCESS\" > \"${SCRIPT_OUTPUT_FILE_0}\"\n";
			showEnvVarsInLog = 0;
		};
		DC0C637AF14F2F36691D4BBB /* [CP] Copy Pods Resources */ = {
			isa = PBXShellScriptBuildPhase;
			buildActionMask = 2147483647;
			files = (
			);
			inputFileListPaths = (
				"${PODS_ROOT}/Target Support Files/Pods-earthquake-map/Pods-earthquake-map-resources-${CONFIGURATION}-input-files.xcfilelist",
			);
			inputPaths = (
			);
			name = "[CP] Copy Pods Resources";
			outputFileListPaths = (
				"${PODS_ROOT}/Target Support Files/Pods-earthquake-map/Pods-earthquake-map-resources-${CONFIGURATION}-output-files.xcfilelist",
			);
			outputPaths = (
			);
			runOnlyForDeploymentPostprocessing = 0;
			shellPath = /bin/sh;
			shellScript = "\"${PODS_ROOT}/Target Support Files/Pods-earthquake-map/Pods-earthquake-map-resources.sh\"\n";
			showEnvVarsInLog = 0;
		};
		E08EA98A39FCE6CB849D73E0 /* [CP] Embed Pods Frameworks */ = {
			isa = PBXShellScriptBuildPhase;
			buildActionMask = 2147483647;
			files = (
			);
			inputFileListPaths = (
				"${PODS_ROOT}/Target Support Files/Pods-earthquake-map-earthquake-mapUITests/Pods-earthquake-map-earthquake-mapUITests-frameworks-${CONFIGURATION}-input-files.xcfilelist",
			);
			inputPaths = (
			);
			name = "[CP] Embed Pods Frameworks";
			outputFileListPaths = (
				"${PODS_ROOT}/Target Support Files/Pods-earthquake-map-earthquake-mapUITests/Pods-earthquake-map-earthquake-mapUITests-frameworks-${CONFIGURATION}-output-files.xcfilelist",
			);
			outputPaths = (
			);
			runOnlyForDeploymentPostprocessing = 0;
			shellPath = /bin/sh;
			shellScript = "\"${PODS_ROOT}/Target Support Files/Pods-earthquake-map-earthquake-mapUITests/Pods-earthquake-map-earthquake-mapUITests-frameworks.sh\"\n";
			showEnvVarsInLog = 0;
		};
/* End PBXShellScriptBuildPhase section */

/* Begin PBXSourcesBuildPhase section */
		2015DC0F2E31234700BE418C /* Sources */ = {
			isa = PBXSourcesBuildPhase;
			buildActionMask = 2147483647;
			files = (
				2010C8DA2E35F5E6008203C8 /* .swiftlint.yml in Sources */,
			);
			runOnlyForDeploymentPostprocessing = 0;
		};
		2015DC1C2E31234A00BE418C /* Sources */ = {
			isa = PBXSourcesBuildPhase;
			buildActionMask = 2147483647;
			files = (
			);
			runOnlyForDeploymentPostprocessing = 0;
		};
		2015DC262E31234A00BE418C /* Sources */ = {
			isa = PBXSourcesBuildPhase;
			buildActionMask = 2147483647;
			files = (
			);
			runOnlyForDeploymentPostprocessing = 0;
		};
/* End PBXSourcesBuildPhase section */

/* Begin PBXTargetDependency section */
		2015DC222E31234A00BE418C /* PBXTargetDependency */ = {
			isa = PBXTargetDependency;
			target = 2015DC122E31234700BE418C /* earthquake-map */;
			targetProxy = 2015DC212E31234A00BE418C /* PBXContainerItemProxy */;
		};
		2015DC2C2E31234A00BE418C /* PBXTargetDependency */ = {
			isa = PBXTargetDependency;
			target = 2015DC122E31234700BE418C /* earthquake-map */;
			targetProxy = 2015DC2B2E31234A00BE418C /* PBXContainerItemProxy */;
		};
/* End PBXTargetDependency section */

/* Begin XCBuildConfiguration section */
		2015DC322E31234A00BE418C /* Debug */ = {
			isa = XCBuildConfiguration;
			baseConfigurationReference = 200E9A6F2E4827FB00B91405 /* Config.xcconfig */;
			buildSettings = {
				ALWAYS_SEARCH_USER_PATHS = NO;
				ASSETCATALOG_COMPILER_GENERATE_SWIFT_ASSET_SYMBOL_EXTENSIONS = YES;
				CLANG_ANALYZER_NONNULL = YES;
				CLANG_ANALYZER_NUMBER_OBJECT_CONVERSION = YES_AGGRESSIVE;
				CLANG_CXX_LANGUAGE_STANDARD = "gnu++20";
				CLANG_ENABLE_MODULES = YES;
				CLANG_ENABLE_OBJC_ARC = YES;
				CLANG_ENABLE_OBJC_WEAK = YES;
				CLANG_WARN_BLOCK_CAPTURE_AUTORELEASING = YES;
				CLANG_WARN_BOOL_CONVERSION = YES;
				CLANG_WARN_COMMA = YES;
				CLANG_WARN_CONSTANT_CONVERSION = YES;
				CLANG_WARN_DEPRECATED_OBJC_IMPLEMENTATIONS = YES;
				CLANG_WARN_DIRECT_OBJC_ISA_USAGE = YES_ERROR;
				CLANG_WARN_DOCUMENTATION_COMMENTS = YES;
				CLANG_WARN_EMPTY_BODY = YES;
				CLANG_WARN_ENUM_CONVERSION = YES;
				CLANG_WARN_INFINITE_RECURSION = YES;
				CLANG_WARN_INT_CONVERSION = YES;
				CLANG_WARN_NON_LITERAL_NULL_CONVERSION = YES;
				CLANG_WARN_OBJC_IMPLICIT_RETAIN_SELF = YES;
				CLANG_WARN_OBJC_LITERAL_CONVERSION = YES;
				CLANG_WARN_OBJC_ROOT_CLASS = YES_ERROR;
				CLANG_WARN_QUOTED_INCLUDE_IN_FRAMEWORK_HEADER = YES;
				CLANG_WARN_RANGE_LOOP_ANALYSIS = YES;
				CLANG_WARN_STRICT_PROTOTYPES = YES;
				CLANG_WARN_SUSPICIOUS_MOVE = YES;
				CLANG_WARN_UNGUARDED_AVAILABILITY = YES_AGGRESSIVE;
				CLANG_WARN_UNREACHABLE_CODE = YES;
				CLANG_WARN__DUPLICATE_METHOD_MATCH = YES;
				COPY_PHASE_STRIP = NO;
				DEBUG_INFORMATION_FORMAT = dwarf;
				ENABLE_STRICT_OBJC_MSGSEND = YES;
				ENABLE_TESTABILITY = YES;
				ENABLE_USER_SCRIPT_SANDBOXING = YES;
				GCC_C_LANGUAGE_STANDARD = gnu17;
				GCC_DYNAMIC_NO_PIC = NO;
				GCC_NO_COMMON_BLOCKS = YES;
				GCC_OPTIMIZATION_LEVEL = 0;
				GCC_PREPROCESSOR_DEFINITIONS = (
					"DEBUG=1",
					"$(inherited)",
				);
				GCC_WARN_64_TO_32_BIT_CONVERSION = YES;
				GCC_WARN_ABOUT_RETURN_TYPE = YES_ERROR;
				GCC_WARN_UNDECLARED_SELECTOR = YES;
				GCC_WARN_UNINITIALIZED_AUTOS = YES_AGGRESSIVE;
				GCC_WARN_UNUSED_FUNCTION = YES;
				GCC_WARN_UNUSED_VARIABLE = YES;
				INFOPLIST_KEY_UIApplicationSceneManifest_Generation = NO;
				IPHONEOS_DEPLOYMENT_TARGET = 18.5;
				LOCALIZATION_PREFERS_STRING_CATALOGS = YES;
				MTL_ENABLE_DEBUG_INFO = INCLUDE_SOURCE;
				MTL_FAST_MATH = YES;
				ONLY_ACTIVE_ARCH = YES;
				SDKROOT = iphoneos;
				SWIFT_ACTIVE_COMPILATION_CONDITIONS = "DEBUG $(inherited)";
				SWIFT_EMIT_LOC_STRINGS = YES;
				SWIFT_OPTIMIZATION_LEVEL = "-Onone";
			};
			name = Debug;
		};
		2015DC332E31234A00BE418C /* Release */ = {
			isa = XCBuildConfiguration;
			baseConfigurationReference = 200E9A6F2E4827FB00B91405 /* Config.xcconfig */;
			buildSettings = {
				ALWAYS_SEARCH_USER_PATHS = NO;
				ASSETCATALOG_COMPILER_GENERATE_SWIFT_ASSET_SYMBOL_EXTENSIONS = YES;
				CLANG_ANALYZER_NONNULL = YES;
				CLANG_ANALYZER_NUMBER_OBJECT_CONVERSION = YES_AGGRESSIVE;
				CLANG_CXX_LANGUAGE_STANDARD = "gnu++20";
				CLANG_ENABLE_MODULES = YES;
				CLANG_ENABLE_OBJC_ARC = YES;
				CLANG_ENABLE_OBJC_WEAK = YES;
				CLANG_WARN_BLOCK_CAPTURE_AUTORELEASING = YES;
				CLANG_WARN_BOOL_CONVERSION = YES;
				CLANG_WARN_COMMA = YES;
				CLANG_WARN_CONSTANT_CONVERSION = YES;
				CLANG_WARN_DEPRECATED_OBJC_IMPLEMENTATIONS = YES;
				CLANG_WARN_DIRECT_OBJC_ISA_USAGE = YES_ERROR;
				CLANG_WARN_DOCUMENTATION_COMMENTS = YES;
				CLANG_WARN_EMPTY_BODY = YES;
				CLANG_WARN_ENUM_CONVERSION = YES;
				CLANG_WARN_INFINITE_RECURSION = YES;
				CLANG_WARN_INT_CONVERSION = YES;
				CLANG_WARN_NON_LITERAL_NULL_CONVERSION = YES;
				CLANG_WARN_OBJC_IMPLICIT_RETAIN_SELF = YES;
				CLANG_WARN_OBJC_LITERAL_CONVERSION = YES;
				CLANG_WARN_OBJC_ROOT_CLASS = YES_ERROR;
				CLANG_WARN_QUOTED_INCLUDE_IN_FRAMEWORK_HEADER = YES;
				CLANG_WARN_RANGE_LOOP_ANALYSIS = YES;
				CLANG_WARN_STRICT_PROTOTYPES = YES;
				CLANG_WARN_SUSPICIOUS_MOVE = YES;
				CLANG_WARN_UNGUARDED_AVAILABILITY = YES_AGGRESSIVE;
				CLANG_WARN_UNREACHABLE_CODE = YES;
				CLANG_WARN__DUPLICATE_METHOD_MATCH = YES;
				COPY_PHASE_STRIP = NO;
				DEBUG_INFORMATION_FORMAT = "dwarf-with-dsym";
				ENABLE_NS_ASSERTIONS = NO;
				ENABLE_STRICT_OBJC_MSGSEND = YES;
				ENABLE_USER_SCRIPT_SANDBOXING = YES;
				GCC_C_LANGUAGE_STANDARD = gnu17;
				GCC_NO_COMMON_BLOCKS = YES;
				GCC_WARN_64_TO_32_BIT_CONVERSION = YES;
				GCC_WARN_ABOUT_RETURN_TYPE = YES_ERROR;
				GCC_WARN_UNDECLARED_SELECTOR = YES;
				GCC_WARN_UNINITIALIZED_AUTOS = YES_AGGRESSIVE;
				GCC_WARN_UNUSED_FUNCTION = YES;
				GCC_WARN_UNUSED_VARIABLE = YES;
				INFOPLIST_KEY_UIApplicationSceneManifest_Generation = NO;
				IPHONEOS_DEPLOYMENT_TARGET = 18.5;
				LOCALIZATION_PREFERS_STRING_CATALOGS = YES;
				MTL_ENABLE_DEBUG_INFO = NO;
				MTL_FAST_MATH = YES;
				SDKROOT = iphoneos;
				SWIFT_COMPILATION_MODE = wholemodule;
				SWIFT_EMIT_LOC_STRINGS = YES;
				VALIDATE_PRODUCT = YES;
			};
			name = Release;
		};
		2015DC352E31234A00BE418C /* Debug */ = {
			isa = XCBuildConfiguration;
			baseConfigurationReference = B5D5361D1F08A7A24A871037 /* Pods-earthquake-map.debug.xcconfig */;
			buildSettings = {
				ASSETCATALOG_COMPILER_APPICON_NAME = AppIcon;
				ASSETCATALOG_COMPILER_GLOBAL_ACCENT_COLOR_NAME = AccentColor;
				CODE_SIGN_STYLE = Automatic;
				CURRENT_PROJECT_VERSION = 1;
				ENABLE_PREVIEWS = YES;
				ENABLE_USER_SCRIPT_SANDBOXING = NO;
				GENERATE_INFOPLIST_FILE = YES;
				INFOPLIST_FILE = "earthquake-map/Info.plist";
				INFOPLIST_KEY_UIApplicationSupportsIndirectInputEvents = YES;
				INFOPLIST_KEY_UILaunchScreen_Generation = YES;
				INFOPLIST_KEY_UILaunchStoryboardName = "";
				INFOPLIST_KEY_UISupportedInterfaceOrientations_iPad = "UIInterfaceOrientationPortrait UIInterfaceOrientationPortraitUpsideDown UIInterfaceOrientationLandscapeLeft UIInterfaceOrientationLandscapeRight";
				INFOPLIST_KEY_UISupportedInterfaceOrientations_iPhone = "UIInterfaceOrientationPortrait UIInterfaceOrientationLandscapeLeft UIInterfaceOrientationLandscapeRight";
				LD_RUNPATH_SEARCH_PATHS = (
					"$(inherited)",
					"@executable_path/Frameworks",
				);
				MARKETING_VERSION = 1.0;
				PRODUCT_BUNDLE_IDENTIFIER = "com.vegcale.earthquake-map";
				PRODUCT_NAME = "$(TARGET_NAME)";
				SWIFT_EMIT_LOC_STRINGS = YES;
				SWIFT_VERSION = 5.0;
				TARGETED_DEVICE_FAMILY = "1,2";
			};
			name = Debug;
		};
		2015DC362E31234A00BE418C /* Release */ = {
			isa = XCBuildConfiguration;
			baseConfigurationReference = 648F2EC3E70AD34B1F5DE72A /* Pods-earthquake-map.release.xcconfig */;
			buildSettings = {
				ASSETCATALOG_COMPILER_APPICON_NAME = AppIcon;
				ASSETCATALOG_COMPILER_GLOBAL_ACCENT_COLOR_NAME = AccentColor;
				CODE_SIGN_STYLE = Automatic;
				CURRENT_PROJECT_VERSION = 1;
				ENABLE_PREVIEWS = YES;
				ENABLE_USER_SCRIPT_SANDBOXING = NO;
				GENERATE_INFOPLIST_FILE = YES;
				INFOPLIST_FILE = "earthquake-map/Info.plist";
				INFOPLIST_KEY_UIApplicationSupportsIndirectInputEvents = YES;
				INFOPLIST_KEY_UILaunchScreen_Generation = YES;
				INFOPLIST_KEY_UILaunchStoryboardName = "";
				INFOPLIST_KEY_UISupportedInterfaceOrientations_iPad = "UIInterfaceOrientationPortrait UIInterfaceOrientationPortraitUpsideDown UIInterfaceOrientationLandscapeLeft UIInterfaceOrientationLandscapeRight";
				INFOPLIST_KEY_UISupportedInterfaceOrientations_iPhone = "UIInterfaceOrientationPortrait UIInterfaceOrientationLandscapeLeft UIInterfaceOrientationLandscapeRight";
				LD_RUNPATH_SEARCH_PATHS = (
					"$(inherited)",
					"@executable_path/Frameworks",
				);
				MARKETING_VERSION = 1.0;
				PRODUCT_BUNDLE_IDENTIFIER = "com.vegcale.earthquake-map";
				PRODUCT_NAME = "$(TARGET_NAME)";
				SWIFT_EMIT_LOC_STRINGS = YES;
				SWIFT_VERSION = 5.0;
				TARGETED_DEVICE_FAMILY = "1,2";
			};
			name = Release;
		};
		2015DC382E31234A00BE418C /* Debug */ = {
			isa = XCBuildConfiguration;
			baseConfigurationReference = 3C271377DE4ADF315393D547 /* Pods-earthquake-mapTests.debug.xcconfig */;
			buildSettings = {
				BUNDLE_LOADER = "$(TEST_HOST)";
				CODE_SIGN_STYLE = Automatic;
				CURRENT_PROJECT_VERSION = 1;
				ENABLE_USER_SCRIPT_SANDBOXING = NO;
				GENERATE_INFOPLIST_FILE = YES;
				IPHONEOS_DEPLOYMENT_TARGET = 18.5;
				MARKETING_VERSION = 1.0;
				PRODUCT_BUNDLE_IDENTIFIER = "com.vegcale.earthquake-mapTests";
				PRODUCT_NAME = "$(TARGET_NAME)";
				SWIFT_EMIT_LOC_STRINGS = NO;
				SWIFT_VERSION = 5.0;
				TARGETED_DEVICE_FAMILY = "1,2";
				TEST_HOST = "$(BUILT_PRODUCTS_DIR)/earthquake-map.app/$(BUNDLE_EXECUTABLE_FOLDER_PATH)/earthquake-map";
			};
			name = Debug;
		};
		2015DC392E31234A00BE418C /* Release */ = {
			isa = XCBuildConfiguration;
			baseConfigurationReference = BB38DE487A9751E7883DAA3E /* Pods-earthquake-mapTests.release.xcconfig */;
			buildSettings = {
				BUNDLE_LOADER = "$(TEST_HOST)";
				CODE_SIGN_STYLE = Automatic;
				CURRENT_PROJECT_VERSION = 1;
				ENABLE_USER_SCRIPT_SANDBOXING = NO;
				GENERATE_INFOPLIST_FILE = YES;
				IPHONEOS_DEPLOYMENT_TARGET = 18.5;
				MARKETING_VERSION = 1.0;
				PRODUCT_BUNDLE_IDENTIFIER = "com.vegcale.earthquake-mapTests";
				PRODUCT_NAME = "$(TARGET_NAME)";
				SWIFT_EMIT_LOC_STRINGS = NO;
				SWIFT_VERSION = 5.0;
				TARGETED_DEVICE_FAMILY = "1,2";
				TEST_HOST = "$(BUILT_PRODUCTS_DIR)/earthquake-map.app/$(BUNDLE_EXECUTABLE_FOLDER_PATH)/earthquake-map";
			};
			name = Release;
		};
		2015DC3B2E31234A00BE418C /* Debug */ = {
			isa = XCBuildConfiguration;
			baseConfigurationReference = 4617919553D5ADCD953B4732 /* Pods-earthquake-map-earthquake-mapUITests.debug.xcconfig */;
			buildSettings = {
				CODE_SIGN_STYLE = Automatic;
				CURRENT_PROJECT_VERSION = 1;
				ENABLE_USER_SCRIPT_SANDBOXING = NO;
				GENERATE_INFOPLIST_FILE = YES;
				MARKETING_VERSION = 1.0;
				PRODUCT_BUNDLE_IDENTIFIER = "com.vegcale.earthquake-mapUITests";
				PRODUCT_NAME = "$(TARGET_NAME)";
				SWIFT_EMIT_LOC_STRINGS = NO;
				SWIFT_VERSION = 5.0;
				TARGETED_DEVICE_FAMILY = "1,2";
				TEST_TARGET_NAME = "earthquake-map";
			};
			name = Debug;
		};
		2015DC3C2E31234A00BE418C /* Release */ = {
			isa = XCBuildConfiguration;
			baseConfigurationReference = DF3145D81617216B7A37F7DD /* Pods-earthquake-map-earthquake-mapUITests.release.xcconfig */;
			buildSettings = {
				CODE_SIGN_STYLE = Automatic;
				CURRENT_PROJECT_VERSION = 1;
				ENABLE_USER_SCRIPT_SANDBOXING = NO;
				GENERATE_INFOPLIST_FILE = YES;
				MARKETING_VERSION = 1.0;
				PRODUCT_BUNDLE_IDENTIFIER = "com.vegcale.earthquake-mapUITests";
				PRODUCT_NAME = "$(TARGET_NAME)";
				SWIFT_EMIT_LOC_STRINGS = NO;
				SWIFT_VERSION = 5.0;
				TARGETED_DEVICE_FAMILY = "1,2";
				TEST_TARGET_NAME = "earthquake-map";
			};
			name = Release;
		};
/* End XCBuildConfiguration section */

/* Begin XCConfigurationList section */
		2015DC0E2E31234700BE418C /* Build configuration list for PBXProject "earthquake-map" */ = {
			isa = XCConfigurationList;
			buildConfigurations = (
				2015DC322E31234A00BE418C /* Debug */,
				2015DC332E31234A00BE418C /* Release */,
			);
			defaultConfigurationIsVisible = 0;
			defaultConfigurationName = Release;
		};
		2015DC342E31234A00BE418C /* Build configuration list for PBXNativeTarget "earthquake-map" */ = {
			isa = XCConfigurationList;
			buildConfigurations = (
				2015DC352E31234A00BE418C /* Debug */,
				2015DC362E31234A00BE418C /* Release */,
			);
			defaultConfigurationIsVisible = 0;
			defaultConfigurationName = Release;
		};
		2015DC372E31234A00BE418C /* Build configuration list for PBXNativeTarget "earthquake-mapTests" */ = {
			isa = XCConfigurationList;
			buildConfigurations = (
				2015DC382E31234A00BE418C /* Debug */,
				2015DC392E31234A00BE418C /* Release */,
			);
			defaultConfigurationIsVisible = 0;
			defaultConfigurationName = Release;
		};
		2015DC3A2E31234A00BE418C /* Build configuration list for PBXNativeTarget "earthquake-mapUITests" */ = {
			isa = XCConfigurationList;
			buildConfigurations = (
				2015DC3B2E31234A00BE418C /* Debug */,
				2015DC3C2E31234A00BE418C /* Release */,
			);
			defaultConfigurationIsVisible = 0;
			defaultConfigurationName = Release;
		};
/* End XCConfigurationList section */
	};
	rootObject = 2015DC0B2E31234700BE418C /* Project object */;
}
